
Microsoft Visual Studio Solution File, Format Version 12.00
# Visual Studio Version 17
VisualStudioVersion = 17.8.34511.84
MinimumVisualStudioVersion = 10.0.40219.1
Project("{FAE04EC0-301F-11D3-BF4B-00C04F79EFBC}") = "GorillaInfoWatch", "GorillaInfoWatch\GorillaInfoWatch.csproj", "{B8B7AB55-91F0-4AEF-A35A-E4D0A4166507}"
EndProject
Project("{FAE04EC0-301F-11D3-BF4B-00C04F79EFBC}") = "GorillaInfoWatch-Editor", "GorillaInfoWatch-Editor\GorillaInfoWatch-Editor.csproj", "{6E4A02C1-EF2C-461D-955F-79AF10D931A9}"
EndProject
Global
	GlobalSection(SolutionConfigurationPlatforms) = preSolution
		Debug|Any CPU = Debug|Any CPU
		Release|Any CPU = Release|Any CPU
	EndGlobalSection
	GlobalSection(ProjectConfigurationPlatforms) = postSolution
		{B8B7AB55-91F0-4AEF-A35A-E4D0A4166507}.Debug|Any CPU.ActiveCfg = Debug|Any CPU
		{B8B7AB55-91F0-4AEF-A35A-E4D0A4166507}.Debug|Any CPU.Build.0 = Debug|Any CPU
		{B8B7AB55-91F0-4AEF-A35A-E4D0A4166507}.Release|Any CPU.ActiveCfg = Release|Any CPU
		{B8B7AB55-91F0-4AEF-A35A-E4D0A4166507}.Release|Any CPU.Build.0 = Release|Any CPU
		{6E4A02C1-EF2C-461D-955F-79AF10D931A9}.Debug|Any CPU.ActiveCfg = Debug|Any CPU
		{6E4A02C1-EF2C-461D-955F-79AF10D931A9}.Debug|Any CPU.Build.0 = Debug|Any CPU
		{6E4A02C1-EF2C-461D-955F-79AF10D931A9}.Release|Any CPU.ActiveCfg = Release|Any CPU
		{6E4A02C1-EF2C-461D-955F-79AF10D931A9}.Release|Any CPU.Build.0 = Release|Any CPU
	EndGlobalSection
	GlobalSection(SolutionProperties) = preSolution
		HideSolutionNode = FALSE
	EndGlobalSection
	GlobalSection(ExtensibilityGlobals) = postSolution
		SolutionGuid = {A543E62A-252E-4FFC-84F3-BA3DB7D656EF}
	EndGlobalSection
EndGlobal
